
Microsoft Visual Studio Solution File, Format Version 12.00
# Visual Studio Version 17
VisualStudioVersion = 17.9.34902.65
MinimumVisualStudioVersion = 10.0.40219.1
Project("{2150E333-8FDC-42A3-9474-1A3956D46DE8}") = "Shared", "Shared", "{5F3F18ED-BCDB-47BB-9368-DA9ECDA0081F}"
EndProject
Project("{9A19103F-16F7-4668-BE54-9A1E7A4F7556}") = "Fix&Tune.Repository", "Fix&Tune.Repository\Fix&Tune.Repository.csproj", "{7A817AF9-4DB1-4783-B440-03DB3108F9FA}"
EndProject
Project("{9A19103F-16F7-4668-BE54-9A1E7A4F7556}") = "Fix&Tune.Models", "Fix&Tune.Models\Fix&Tune.Models.csproj", "{1EA6FBD5-F472-4819-B7C8-B21934D6C864}"
EndProject
Project("{FAE04EC0-301F-11D3-BF4B-00C04F79EFBC}") = "Fix&Tune.Endpoint", "Fix&Tune.Endpoint\Fix&Tune.Endpoint.csproj", "{390D17E3-80C9-4735-B68C-61DA7D216C56}"
EndProject
Project("{FAE04EC0-301F-11D3-BF4B-00C04F79EFBC}") = "Fix&Tune.Logic", "Fix&Tune.Logic\Fix&Tune.Logic.csproj", "{C8F6168A-E0A4-4F11-ABD7-BCBAECA7FF0D}"
EndProject
Global
	GlobalSection(SolutionConfigurationPlatforms) = preSolution
		Debug|Any CPU = Debug|Any CPU
		Release|Any CPU = Release|Any CPU
	EndGlobalSection
	GlobalSection(ProjectConfigurationPlatforms) = postSolution
		{7A817AF9-4DB1-4783-B440-03DB3108F9FA}.Debug|Any CPU.ActiveCfg = Debug|Any CPU
		{7A817AF9-4DB1-4783-B440-03DB3108F9FA}.Debug|Any CPU.Build.0 = Debug|Any CPU
		{7A817AF9-4DB1-4783-B440-03DB3108F9FA}.Release|Any CPU.ActiveCfg = Release|Any CPU
		{7A817AF9-4DB1-4783-B440-03DB3108F9FA}.Release|Any CPU.Build.0 = Release|Any CPU
		{1EA6FBD5-F472-4819-B7C8-B21934D6C864}.Debug|Any CPU.ActiveCfg = Debug|Any CPU
		{1EA6FBD5-F472-4819-B7C8-B21934D6C864}.Debug|Any CPU.Build.0 = Debug|Any CPU
		{1EA6FBD5-F472-4819-B7C8-B21934D6C864}.Release|Any CPU.ActiveCfg = Release|Any CPU
		{1EA6FBD5-F472-4819-B7C8-B21934D6C864}.Release|Any CPU.Build.0 = Release|Any CPU
		{390D17E3-80C9-4735-B68C-61DA7D216C56}.Debug|Any CPU.ActiveCfg = Debug|Any CPU
		{390D17E3-80C9-4735-B68C-61DA7D216C56}.Debug|Any CPU.Build.0 = Debug|Any CPU
		{390D17E3-80C9-4735-B68C-61DA7D216C56}.Release|Any CPU.ActiveCfg = Release|Any CPU
		{390D17E3-80C9-4735-B68C-61DA7D216C56}.Release|Any CPU.Build.0 = Release|Any CPU
		{C8F6168A-E0A4-4F11-ABD7-BCBAECA7FF0D}.Debug|Any CPU.ActiveCfg = Debug|Any CPU
		{C8F6168A-E0A4-4F11-ABD7-BCBAECA7FF0D}.Debug|Any CPU.Build.0 = Debug|Any CPU
		{C8F6168A-E0A4-4F11-ABD7-BCBAECA7FF0D}.Release|Any CPU.ActiveCfg = Release|Any CPU
		{C8F6168A-E0A4-4F11-ABD7-BCBAECA7FF0D}.Release|Any CPU.Build.0 = Release|Any CPU
	EndGlobalSection
	GlobalSection(SolutionProperties) = preSolution
		HideSolutionNode = FALSE
	EndGlobalSection
	GlobalSection(NestedProjects) = preSolution
		{1EA6FBD5-F472-4819-B7C8-B21934D6C864} = {5F3F18ED-BCDB-47BB-9368-DA9ECDA0081F}
	EndGlobalSection
	GlobalSection(ExtensibilityGlobals) = postSolution
		SolutionGuid = {6B84639E-9D76-4F16-AD35-2F922BF65764}
	EndGlobalSection
EndGlobal
